
Microsoft Visual Studio Solution File, Format Version 12.00
# Visual Studio Version 17
VisualStudioVersion = 17.4.33213.308
MinimumVisualStudioVersion = 10.0.40219.1
Project("{FAE04EC0-301F-11D3-BF4B-00C04F79EFBC}") = "SD-Wed-knowledge-check-2", "SD-Wed-knowledge-check-2.csproj", "{05395528-57F6-4259-A878-284891B7AC16}"
EndProject
Global
	GlobalSection(SolutionConfigurationPlatforms) = preSolution
		Debug|Any CPU = Debug|Any CPU
		Release|Any CPU = Release|Any CPU
	EndGlobalSection
	GlobalSection(ProjectConfigurationPlatforms) = postSolution
		{05395528-57F6-4259-A878-284891B7AC16}.Debug|Any CPU.ActiveCfg = Debug|Any CPU
		{05395528-57F6-4259-A878-284891B7AC16}.Debug|Any CPU.Build.0 = Debug|Any CPU
		{05395528-57F6-4259-A878-284891B7AC16}.Release|Any CPU.ActiveCfg = Release|Any CPU
		{05395528-57F6-4259-A878-284891B7AC16}.Release|Any CPU.Build.0 = Release|Any CPU
	EndGlobalSection
	GlobalSection(SolutionProperties) = preSolution
		HideSolutionNode = FALSE
	EndGlobalSection
	GlobalSection(ExtensibilityGlobals) = postSolution
		SolutionGuid = {38DC57FC-EF31-4B9B-A6B8-D5776C0F88FA}
	EndGlobalSection
EndGlobal
